{
  "nodes": {
    "flake-utils": {
      "inputs": {
        "systems": "systems"
      },
      "locked": {
        "lastModified": 1731533236,
        "narHash": "sha256-l0KFg5HjrsfsO/JpG+r7fRrqm12kzFHyUHqHCVpMMbI=",
        "owner": "numtide",
        "repo": "flake-utils",
        "rev": "11707dc2f618dd54ca8739b309ec4fc024de578b",
        "type": "github"
      },
      "original": {
        "owner": "numtide",
        "repo": "flake-utils",
        "type": "github"
      }
    },
    "nix2container": {
      "inputs": {
        "nixpkgs": [
          "nixpkgs"
        ]
      },
      "locked": {
        "lastModified": 1751074911,
        "narHash": "sha256-ND27pvMB+JvxTvVmNsU6Qjhm1+R4UX5QW+dSHPwBKVY=",
        "path": "/home/lillecarl/Code/nix2container",
        "type": "path"
      },
      "original": {
        "path": "/home/lillecarl/Code/nix2container",
        "type": "path"
      }
    },
    "nixng": {
      "inputs": {
        "nixpkgs": [
          "nixpkgs"
        ],
        "treefmt-nix": [
          "treefmt-nix"
        ]
      },
      "locked": {
        "lastModified": 1746371274,
        "narHash": "sha256-7X65+TP0luFpQsA6KV80R05qnWp7NxMaIDryFfJ4MqI=",
        "owner": "nix-community",
        "repo": "NixNG",
        "rev": "ea02c5dd1f2e80ee7acc47f75ec3439ed480dd6f",
        "type": "github"
      },
      "original": {
        "owner": "nix-community",
        "repo": "NixNG",
        "type": "github"
      }
    },
    "nixpkgs": {
      "locked": {
        "lastModified": 1750236312,
        "narHash": "sha256-9Co8wrnK8Qu8FTaq8a+QtzCZrGnJ4I6WRcWYs0ZA2Ss=",
        "owner": "NixOS",
        "repo": "nixpkgs",
        "rev": "2e32e6872519f05991261988d11b6ba0f6db33a4",
        "type": "github"
      },
      "original": {
        "owner": "NixOS",
        "repo": "nixpkgs",
        "type": "github"
      }
    },
    "root": {
      "inputs": {
        "flake-utils": "flake-utils",
        "nix2container": "nix2container",
        "nixng": "nixng",
        "nixpkgs": "nixpkgs",
        "treefmt-nix": "treefmt-nix"
      }
    },
    "systems": {
      "locked": {
        "lastModified": 1681028828,
        "narHash": "sha256-Vy1rq5AaRuLzOxct8nz4T6wlgyUR7zLU309k9mBC768=",
        "owner": "nix-systems",
        "repo": "default",
        "rev": "da67096a3b9bf56a91d16901293e51ba5b49a27e",
        "type": "github"
      },
      "original": {
        "owner": "nix-systems",
        "repo": "default",
        "type": "github"
      }
    },
    "treefmt-nix": {
      "inputs": {
        "nixpkgs": [
          "nixpkgs"
        ]
      },
      "locked": {
        "lastModified": 1748243702,
        "narHash": "sha256-9YzfeN8CB6SzNPyPm2XjRRqSixDopTapaRsnTpXUEY8=",
        "owner": "numtide",
        "repo": "treefmt-nix",
        "rev": "1f3f7b784643d488ba4bf315638b2b0a4c5fb007",
        "type": "github"
      },
      "original": {
        "owner": "numtide",
        "repo": "treefmt-nix",
        "type": "github"
      }
    }
  },
  "root": "root",
  "version": 7
}
